
Microsoft Visual Studio Solution File, Format Version 12.00
# Visual Studio Version 17
VisualStudioVersion = 17.0.32112.339
MinimumVisualStudioVersion = 10.0.40219.1
Project("{9A19103F-16F7-4668-BE54-9A1E7A4F7556}") = "HumanitarianAid.API", "Centric.HumanitarianAid.API\HumanitarianAid.API.csproj", "{BF0A3750-8190-43FE-AF80-4C0B541E9E03}"
EndProject
Project("{9A19103F-16F7-4668-BE54-9A1E7A4F7556}") = "HumanitarianAid.Business", "Centric.HumanitarianAid.Business\HumanitarianAid.Business.csproj", "{54AD1450-CEF4-45FC-A9C8-BB7EA6496506}"
EndProject
Project("{9A19103F-16F7-4668-BE54-9A1E7A4F7556}") = "HumanitarianAid.Business.UnitTests", "Centric.HumanitarianAid.Business.UnitTests\HumanitarianAid.Business.UnitTests.csproj", "{EE612720-617B-42FD-9E86-D7D3FBADBE2B}"
EndProject
Project("{9A19103F-16F7-4668-BE54-9A1E7A4F7556}") = "HumanitarianAid.API.IntegrationTests", "Centric.HumanitarianAid.API.IntegrationTests\HumanitarianAid.API.IntegrationTests.csproj", "{A3D3C722-C1B2-4484-9575-51BE58984831}"
EndProject
Global
	GlobalSection(SolutionConfigurationPlatforms) = preSolution
		Debug|Any CPU = Debug|Any CPU
		Release|Any CPU = Release|Any CPU
	EndGlobalSection
	GlobalSection(ProjectConfigurationPlatforms) = postSolution
		{BF0A3750-8190-43FE-AF80-4C0B541E9E03}.Debug|Any CPU.ActiveCfg = Debug|Any CPU
		{BF0A3750-8190-43FE-AF80-4C0B541E9E03}.Debug|Any CPU.Build.0 = Debug|Any CPU
		{BF0A3750-8190-43FE-AF80-4C0B541E9E03}.Release|Any CPU.ActiveCfg = Release|Any CPU
		{BF0A3750-8190-43FE-AF80-4C0B541E9E03}.Release|Any CPU.Build.0 = Release|Any CPU
		{54AD1450-CEF4-45FC-A9C8-BB7EA6496506}.Debug|Any CPU.ActiveCfg = Debug|Any CPU
		{54AD1450-CEF4-45FC-A9C8-BB7EA6496506}.Debug|Any CPU.Build.0 = Debug|Any CPU
		{54AD1450-CEF4-45FC-A9C8-BB7EA6496506}.Release|Any CPU.ActiveCfg = Release|Any CPU
		{54AD1450-CEF4-45FC-A9C8-BB7EA6496506}.Release|Any CPU.Build.0 = Release|Any CPU
		{EE612720-617B-42FD-9E86-D7D3FBADBE2B}.Debug|Any CPU.ActiveCfg = Debug|Any CPU
		{EE612720-617B-42FD-9E86-D7D3FBADBE2B}.Debug|Any CPU.Build.0 = Debug|Any CPU
		{EE612720-617B-42FD-9E86-D7D3FBADBE2B}.Release|Any CPU.ActiveCfg = Release|Any CPU
		{EE612720-617B-42FD-9E86-D7D3FBADBE2B}.Release|Any CPU.Build.0 = Release|Any CPU
		{A3D3C722-C1B2-4484-9575-51BE58984831}.Debug|Any CPU.ActiveCfg = Debug|Any CPU
		{A3D3C722-C1B2-4484-9575-51BE58984831}.Debug|Any CPU.Build.0 = Debug|Any CPU
		{A3D3C722-C1B2-4484-9575-51BE58984831}.Release|Any CPU.ActiveCfg = Release|Any CPU
		{A3D3C722-C1B2-4484-9575-51BE58984831}.Release|Any CPU.Build.0 = Release|Any CPU
	EndGlobalSection
	GlobalSection(SolutionProperties) = preSolution
		HideSolutionNode = FALSE
	EndGlobalSection
	GlobalSection(ExtensibilityGlobals) = postSolution
		SolutionGuid = {B8BB01E5-3E81-40F8-BE69-81C826630179}
	EndGlobalSection
EndGlobal
